
Microsoft Visual Studio Solution File, Format Version 12.00
# Visual Studio Version 16
VisualStudioVersion = 16.0.31515.178
MinimumVisualStudioVersion = 10.0.40219.1
Project("{FAE04EC0-301F-11D3-BF4B-00C04F79EFBC}") = "Tlogger", "Tlogger\Tlogger.csproj", "{890458DA-D7FF-4361-949A-E763D496BDB3}"
EndProject
Global
	GlobalSection(SolutionConfigurationPlatforms) = preSolution
		Debug|Any CPU = Debug|Any CPU
		Release|Any CPU = Release|Any CPU
	EndGlobalSection
	GlobalSection(ProjectConfigurationPlatforms) = postSolution
		{890458DA-D7FF-4361-949A-E763D496BDB3}.Debug|Any CPU.ActiveCfg = Debug|Any CPU
		{890458DA-D7FF-4361-949A-E763D496BDB3}.Debug|Any CPU.Build.0 = Debug|Any CPU
		{890458DA-D7FF-4361-949A-E763D496BDB3}.Release|Any CPU.ActiveCfg = Release|Any CPU
		{890458DA-D7FF-4361-949A-E763D496BDB3}.Release|Any CPU.Build.0 = Release|Any CPU
	EndGlobalSection
	GlobalSection(SolutionProperties) = preSolution
		HideSolutionNode = FALSE
	EndGlobalSection
	GlobalSection(ExtensibilityGlobals) = postSolution
		SolutionGuid = {7EAC5CDE-4BC3-4B34-B00F-2761F5157EFC}
	EndGlobalSection
EndGlobal
